// !$*UTF8*$!
{
	archiveVersion = 1;
	classes = {
	};
	objectVersion = 51;
	objects = {

/* Begin PBXBuildFile section */
		2DC1360B3041E1694579A4E9 /* Pods_TheMealsApp.framework in Frameworks */ = {isa = PBXBuildFile; fileRef = D79B1D140A0233E507D99C90 /* Pods_TheMealsApp.framework */; };
		F440FDEE2729FD7E00FFFD0D /* Injection.swift in Sources */ = {isa = PBXBuildFile; fileRef = F440FDED2729FD7E00FFFD0D /* Injection.swift */; };
		F440FDF02729FDB500FFFD0D /* HomeInteractor.swift in Sources */ = {isa = PBXBuildFile; fileRef = F440FDEF2729FDB500FFFD0D /* HomeInteractor.swift */; };
		F440FDF22729FDC600FFFD0D /* DetailInteractor.swift in Sources */ = {isa = PBXBuildFile; fileRef = F440FDF12729FDC600FFFD0D /* DetailInteractor.swift */; };
		F440FDF42729FDDB00FFFD0D /* FavoriteInteractor.swift in Sources */ = {isa = PBXBuildFile; fileRef = F440FDF32729FDDB00FFFD0D /* FavoriteInteractor.swift */; };
		F440FDF6272A012200FFFD0D /* HomePresenter.swift in Sources */ = {isa = PBXBuildFile; fileRef = F440FDF5272A012200FFFD0D /* HomePresenter.swift */; };
		F440FDF8272A016A00FFFD0D /* HomeRouter.swift in Sources */ = {isa = PBXBuildFile; fileRef = F440FDF7272A016A00FFFD0D /* HomeRouter.swift */; };
		F440FDFC272A02BB00FFFD0D /* HomeView.swift in Sources */ = {isa = PBXBuildFile; fileRef = F440FDFB272A02BB00FFFD0D /* HomeView.swift */; };
		F440FDFE272A030500FFFD0D /* ItemRowCategory.swift in Sources */ = {isa = PBXBuildFile; fileRef = F440FDFD272A030500FFFD0D /* ItemRowCategory.swift */; };
		F440FE02272A03D800FFFD0D /* DetailPresenter.swift in Sources */ = {isa = PBXBuildFile; fileRef = F440FE01272A03D800FFFD0D /* DetailPresenter.swift */; };
		F440FE04272A040A00FFFD0D /* DetailView.swift in Sources */ = {isa = PBXBuildFile; fileRef = F440FE03272A040A00FFFD0D /* DetailView.swift */; };
		F464A99E2739770100B46E6B /* ResultExt.swift in Sources */ = {isa = PBXBuildFile; fileRef = F464A99D2739770100B46E6B /* ResultExt.swift */; };
		F46888ED27342C83007C3A60 /* DetailMealView.swift in Sources */ = {isa = PBXBuildFile; fileRef = F46888EC27342C83007C3A60 /* DetailMealView.swift */; };
		F46888F027342CC2007C3A60 /* DetailRouter.swift in Sources */ = {isa = PBXBuildFile; fileRef = F46888EF27342CC2007C3A60 /* DetailRouter.swift */; };
		F46888F227342DAB007C3A60 /* DetailMealEntity.swift in Sources */ = {isa = PBXBuildFile; fileRef = F46888F127342DAB007C3A60 /* DetailMealEntity.swift */; };
		F46888F427342F5C007C3A60 /* DetailMealResponse.swift in Sources */ = {isa = PBXBuildFile; fileRef = F46888F327342F5C007C3A60 /* DetailMealResponse.swift */; };
		F46888F627343F4F007C3A60 /* DetailMealModel.swift in Sources */ = {isa = PBXBuildFile; fileRef = F46888F527343F4F007C3A60 /* DetailMealModel.swift */; };
		F46888F82734405D007C3A60 /* DetailMealMapper.swift in Sources */ = {isa = PBXBuildFile; fileRef = F46888F72734405D007C3A60 /* DetailMealMapper.swift */; };
		F46888FC2734455C007C3A60 /* DetailMealsInteractor.swift in Sources */ = {isa = PBXBuildFile; fileRef = F46888FB2734455C007C3A60 /* DetailMealsInteractor.swift */; };
		F46888FE2734476D007C3A60 /* DetailMealsPresenter.swift in Sources */ = {isa = PBXBuildFile; fileRef = F46888FD2734476D007C3A60 /* DetailMealsPresenter.swift */; };
		F48B883B2728D14000CB0FF6 /* CategoryEntity.swift in Sources */ = {isa = PBXBuildFile; fileRef = F48B883A2728D14000CB0FF6 /* CategoryEntity.swift */; };
		F48B883D2728D18600CB0FF6 /* MealEntity.swift in Sources */ = {isa = PBXBuildFile; fileRef = F48B883C2728D18600CB0FF6 /* MealEntity.swift */; };
		F48B883F2728D25000CB0FF6 /* LocaleDataSource.swift in Sources */ = {isa = PBXBuildFile; fileRef = F48B883E2728D25000CB0FF6 /* LocaleDataSource.swift */; };
		F48B88412728D41800CB0FF6 /* CustomErrorExt.swift in Sources */ = {isa = PBXBuildFile; fileRef = F48B88402728D41800CB0FF6 /* CustomErrorExt.swift */; };
		F48B88432728D5BD00CB0FF6 /* CategoriesResponse.swift in Sources */ = {isa = PBXBuildFile; fileRef = F48B88422728D5BD00CB0FF6 /* CategoriesResponse.swift */; };
		F48B88452728D5CA00CB0FF6 /* MealsResponse.swift in Sources */ = {isa = PBXBuildFile; fileRef = F48B88442728D5CA00CB0FF6 /* MealsResponse.swift */; };
		F48B88472728D71000CB0FF6 /* RemoteDataSource.swift in Sources */ = {isa = PBXBuildFile; fileRef = F48B88462728D71000CB0FF6 /* RemoteDataSource.swift */; };
		F48B88492728DE6C00CB0FF6 /* MealRepository.swift in Sources */ = {isa = PBXBuildFile; fileRef = F48B88482728DE6C00CB0FF6 /* MealRepository.swift */; };
		F48B884B2728E01100CB0FF6 /* CategoryModel.swift in Sources */ = {isa = PBXBuildFile; fileRef = F48B884A2728E01100CB0FF6 /* CategoryModel.swift */; };
		F48B884D2728E01B00CB0FF6 /* MealModel.swift in Sources */ = {isa = PBXBuildFile; fileRef = F48B884C2728E01B00CB0FF6 /* MealModel.swift */; };
		F48B884F2728E06700CB0FF6 /* CategoryMapper.swift in Sources */ = {isa = PBXBuildFile; fileRef = F48B884E2728E06700CB0FF6 /* CategoryMapper.swift */; };
		F48B88512728E07100CB0FF6 /* MealMapper.swift in Sources */ = {isa = PBXBuildFile; fileRef = F48B88502728E07100CB0FF6 /* MealMapper.swift */; };
		F48B88532728E8DD00CB0FF6 /* RoundCorner.swift in Sources */ = {isa = PBXBuildFile; fileRef = F48B88522728E8DD00CB0FF6 /* RoundCorner.swift */; };
		F48B88572728E92400CB0FF6 /* CustomEmptyView.swift in Sources */ = {isa = PBXBuildFile; fileRef = F48B88562728E92400CB0FF6 /* CustomEmptyView.swift */; };
		F48B885B2728E99200CB0FF6 /* SearchBar.swift in Sources */ = {isa = PBXBuildFile; fileRef = F48B885A2728E99200CB0FF6 /* SearchBar.swift */; };
		F4958CD4272B1F4C0026666F /* FavoriteView.swift in Sources */ = {isa = PBXBuildFile; fileRef = F4958CD3272B1F4C0026666F /* FavoriteView.swift */; };
		F49991612728BE76006DA6BE /* AppDelegate.swift in Sources */ = {isa = PBXBuildFile; fileRef = F49991602728BE76006DA6BE /* AppDelegate.swift */; };
		F49991632728BE76006DA6BE /* SceneDelegate.swift in Sources */ = {isa = PBXBuildFile; fileRef = F49991622728BE76006DA6BE /* SceneDelegate.swift */; };
		F49991652728BE76006DA6BE /* ContentView.swift in Sources */ = {isa = PBXBuildFile; fileRef = F49991642728BE76006DA6BE /* ContentView.swift */; };
		F49991672728BE78006DA6BE /* Assets.xcassets in Resources */ = {isa = PBXBuildFile; fileRef = F49991662728BE78006DA6BE /* Assets.xcassets */; };
		F499916A2728BE78006DA6BE /* Preview Assets.xcassets in Resources */ = {isa = PBXBuildFile; fileRef = F49991692728BE78006DA6BE /* Preview Assets.xcassets */; };
		F499916D2728BE78006DA6BE /* LaunchScreen.storyboard in Resources */ = {isa = PBXBuildFile; fileRef = F499916B2728BE78006DA6BE /* LaunchScreen.storyboard */; };
		F49991932728C026006DA6BE /* .swiftlint.yml in Resources */ = {isa = PBXBuildFile; fileRef = F49991922728C026006DA6BE /* .swiftlint.yml */; };
		F49991962728C07E006DA6BE /* ApiService.swift in Sources */ = {isa = PBXBuildFile; fileRef = F49991952728C07E006DA6BE /* ApiService.swift */; };
		F4C1CC19272E3DDD00FB0BA5 /* ItemRowFavorite.swift in Sources */ = {isa = PBXBuildFile; fileRef = F4C1CC18272E3DDD00FB0BA5 /* ItemRowFavorite.swift */; };
		F4C1CC1D272E422D00FB0BA5 /* FavoritePresenter.swift in Sources */ = {isa = PBXBuildFile; fileRef = F4C1CC1C272E422D00FB0BA5 /* FavoritePresenter.swift */; };
		F4C1CC21272E975600FB0BA5 /* ProfileView.swift in Sources */ = {isa = PBXBuildFile; fileRef = F4C1CC20272E975600FB0BA5 /* ProfileView.swift */; };
		F4FB830E272C417700C4C284 /* ItemRowMeal.swift in Sources */ = {isa = PBXBuildFile; fileRef = F4FB830D272C417700C4C284 /* ItemRowMeal.swift */; };
/* End PBXBuildFile section */

/* Begin PBXContainerItemProxy section */
		F462B4FD273214B7006912F9 /* PBXContainerItemProxy */ = {
			isa = PBXContainerItemProxy;
			containerPortal = F49991552728BE76006DA6BE /* Project object */;
			proxyType = 1;
			remoteGlobalIDString = F499915C2728BE76006DA6BE;
			remoteInfo = TheMealsApp;
		};
/* End PBXContainerItemProxy section */

/* Begin PBXFileReference section */
		57486E894168BB44E34CF51C /* Pods-TheMealsApp.release.xcconfig */ = {isa = PBXFileReference; includeInIndex = 1; lastKnownFileType = text.xcconfig; name = "Pods-TheMealsApp.release.xcconfig"; path = "Target Support Files/Pods-TheMealsApp/Pods-TheMealsApp.release.xcconfig"; sourceTree = "<group>"; };
		6083F19F96407C1EB4218BF9 /* Pods-TheMealsApp.debug.xcconfig */ = {isa = PBXFileReference; includeInIndex = 1; lastKnownFileType = text.xcconfig; name = "Pods-TheMealsApp.debug.xcconfig"; path = "Target Support Files/Pods-TheMealsApp/Pods-TheMealsApp.debug.xcconfig"; sourceTree = "<group>"; };
		D79B1D140A0233E507D99C90 /* Pods_TheMealsApp.framework */ = {isa = PBXFileReference; explicitFileType = wrapper.framework; includeInIndex = 0; path = Pods_TheMealsApp.framework; sourceTree = BUILT_PRODUCTS_DIR; };
		F440FDED2729FD7E00FFFD0D /* Injection.swift */ = {isa = PBXFileReference; lastKnownFileType = sourcecode.swift; path = Injection.swift; sourceTree = "<group>"; };
		F440FDEF2729FDB500FFFD0D /* HomeInteractor.swift */ = {isa = PBXFileReference; lastKnownFileType = sourcecode.swift; path = HomeInteractor.swift; sourceTree = "<group>"; };
		F440FDF12729FDC600FFFD0D /* DetailInteractor.swift */ = {isa = PBXFileReference; lastKnownFileType = sourcecode.swift; path = DetailInteractor.swift; sourceTree = "<group>"; };
		F440FDF32729FDDB00FFFD0D /* FavoriteInteractor.swift */ = {isa = PBXFileReference; lastKnownFileType = sourcecode.swift; path = FavoriteInteractor.swift; sourceTree = "<group>"; };
		F440FDF5272A012200FFFD0D /* HomePresenter.swift */ = {isa = PBXFileReference; lastKnownFileType = sourcecode.swift; path = HomePresenter.swift; sourceTree = "<group>"; };
		F440FDF7272A016A00FFFD0D /* HomeRouter.swift */ = {isa = PBXFileReference; lastKnownFileType = sourcecode.swift; path = HomeRouter.swift; sourceTree = "<group>"; };
		F440FDFB272A02BB00FFFD0D /* HomeView.swift */ = {isa = PBXFileReference; lastKnownFileType = sourcecode.swift; path = HomeView.swift; sourceTree = "<group>"; };
		F440FDFD272A030500FFFD0D /* ItemRowCategory.swift */ = {isa = PBXFileReference; lastKnownFileType = sourcecode.swift; path = ItemRowCategory.swift; sourceTree = "<group>"; };
		F440FE01272A03D800FFFD0D /* DetailPresenter.swift */ = {isa = PBXFileReference; lastKnownFileType = sourcecode.swift; path = DetailPresenter.swift; sourceTree = "<group>"; };
		F440FE03272A040A00FFFD0D /* DetailView.swift */ = {isa = PBXFileReference; lastKnownFileType = sourcecode.swift; path = DetailView.swift; sourceTree = "<group>"; };
		F462B4F9273214B7006912F9 /* TheMealsAppTests.xctest */ = {isa = PBXFileReference; explicitFileType = wrapper.cfbundle; includeInIndex = 0; path = TheMealsAppTests.xctest; sourceTree = BUILT_PRODUCTS_DIR; };
		F464A99D2739770100B46E6B /* ResultExt.swift */ = {isa = PBXFileReference; lastKnownFileType = sourcecode.swift; path = ResultExt.swift; sourceTree = "<group>"; };
		F46888EC27342C83007C3A60 /* DetailMealView.swift */ = {isa = PBXFileReference; lastKnownFileType = sourcecode.swift; path = DetailMealView.swift; sourceTree = "<group>"; };
		F46888EF27342CC2007C3A60 /* DetailRouter.swift */ = {isa = PBXFileReference; lastKnownFileType = sourcecode.swift; path = DetailRouter.swift; sourceTree = "<group>"; };
		F46888F127342DAB007C3A60 /* DetailMealEntity.swift */ = {isa = PBXFileReference; lastKnownFileType = sourcecode.swift; path = DetailMealEntity.swift; sourceTree = "<group>"; };
		F46888F327342F5C007C3A60 /* DetailMealResponse.swift */ = {isa = PBXFileReference; lastKnownFileType = sourcecode.swift; path = DetailMealResponse.swift; sourceTree = "<group>"; };
		F46888F527343F4F007C3A60 /* DetailMealModel.swift */ = {isa = PBXFileReference; lastKnownFileType = sourcecode.swift; path = DetailMealModel.swift; sourceTree = "<group>"; };
		F46888F72734405D007C3A60 /* DetailMealMapper.swift */ = {isa = PBXFileReference; lastKnownFileType = sourcecode.swift; path = DetailMealMapper.swift; sourceTree = "<group>"; };
		F46888FB2734455C007C3A60 /* DetailMealsInteractor.swift */ = {isa = PBXFileReference; lastKnownFileType = sourcecode.swift; path = DetailMealsInteractor.swift; sourceTree = "<group>"; };
		F46888FD2734476D007C3A60 /* DetailMealsPresenter.swift */ = {isa = PBXFileReference; lastKnownFileType = sourcecode.swift; path = DetailMealsPresenter.swift; sourceTree = "<group>"; };
		F48B883A2728D14000CB0FF6 /* CategoryEntity.swift */ = {isa = PBXFileReference; lastKnownFileType = sourcecode.swift; path = CategoryEntity.swift; sourceTree = "<group>"; };
		F48B883C2728D18600CB0FF6 /* MealEntity.swift */ = {isa = PBXFileReference; lastKnownFileType = sourcecode.swift; path = MealEntity.swift; sourceTree = "<group>"; };
		F48B883E2728D25000CB0FF6 /* LocaleDataSource.swift */ = {isa = PBXFileReference; lastKnownFileType = sourcecode.swift; path = LocaleDataSource.swift; sourceTree = "<group>"; };
		F48B88402728D41800CB0FF6 /* CustomErrorExt.swift */ = {isa = PBXFileReference; lastKnownFileType = sourcecode.swift; path = CustomErrorExt.swift; sourceTree = "<group>"; };
		F48B88422728D5BD00CB0FF6 /* CategoriesResponse.swift */ = {isa = PBXFileReference; lastKnownFileType = sourcecode.swift; path = CategoriesResponse.swift; sourceTree = "<group>"; };
		F48B88442728D5CA00CB0FF6 /* MealsResponse.swift */ = {isa = PBXFileReference; lastKnownFileType = sourcecode.swift; path = MealsResponse.swift; sourceTree = "<group>"; };
		F48B88462728D71000CB0FF6 /* RemoteDataSource.swift */ = {isa = PBXFileReference; lastKnownFileType = sourcecode.swift; path = RemoteDataSource.swift; sourceTree = "<group>"; };
		F48B88482728DE6C00CB0FF6 /* MealRepository.swift */ = {isa = PBXFileReference; lastKnownFileType = sourcecode.swift; path = MealRepository.swift; sourceTree = "<group>"; };
		F48B884A2728E01100CB0FF6 /* CategoryModel.swift */ = {isa = PBXFileReference; lastKnownFileType = sourcecode.swift; path = CategoryModel.swift; sourceTree = "<group>"; };
		F48B884C2728E01B00CB0FF6 /* MealModel.swift */ = {isa = PBXFileReference; lastKnownFileType = sourcecode.swift; path = MealModel.swift; sourceTree = "<group>"; };
		F48B884E2728E06700CB0FF6 /* CategoryMapper.swift */ = {isa = PBXFileReference; lastKnownFileType = sourcecode.swift; path = CategoryMapper.swift; sourceTree = "<group>"; };
		F48B88502728E07100CB0FF6 /* MealMapper.swift */ = {isa = PBXFileReference; lastKnownFileType = sourcecode.swift; path = MealMapper.swift; sourceTree = "<group>"; };
		F48B88522728E8DD00CB0FF6 /* RoundCorner.swift */ = {isa = PBXFileReference; lastKnownFileType = sourcecode.swift; path = RoundCorner.swift; sourceTree = "<group>"; };
		F48B88562728E92400CB0FF6 /* CustomEmptyView.swift */ = {isa = PBXFileReference; lastKnownFileType = sourcecode.swift; path = CustomEmptyView.swift; sourceTree = "<group>"; };
		F48B885A2728E99200CB0FF6 /* SearchBar.swift */ = {isa = PBXFileReference; lastKnownFileType = sourcecode.swift; path = SearchBar.swift; sourceTree = "<group>"; };
		F4958CD3272B1F4C0026666F /* FavoriteView.swift */ = {isa = PBXFileReference; lastKnownFileType = sourcecode.swift; path = FavoriteView.swift; sourceTree = "<group>"; };
		F499915D2728BE76006DA6BE /* TheMealsApp.app */ = {isa = PBXFileReference; explicitFileType = wrapper.application; includeInIndex = 0; path = TheMealsApp.app; sourceTree = BUILT_PRODUCTS_DIR; };
		F49991602728BE76006DA6BE /* AppDelegate.swift */ = {isa = PBXFileReference; lastKnownFileType = sourcecode.swift; path = AppDelegate.swift; sourceTree = "<group>"; };
		F49991622728BE76006DA6BE /* SceneDelegate.swift */ = {isa = PBXFileReference; lastKnownFileType = sourcecode.swift; path = SceneDelegate.swift; sourceTree = "<group>"; };
		F49991642728BE76006DA6BE /* ContentView.swift */ = {isa = PBXFileReference; lastKnownFileType = sourcecode.swift; path = ContentView.swift; sourceTree = "<group>"; };
		F49991662728BE78006DA6BE /* Assets.xcassets */ = {isa = PBXFileReference; lastKnownFileType = folder.assetcatalog; path = Assets.xcassets; sourceTree = "<group>"; };
		F49991692728BE78006DA6BE /* Preview Assets.xcassets */ = {isa = PBXFileReference; lastKnownFileType = folder.assetcatalog; path = "Preview Assets.xcassets"; sourceTree = "<group>"; };
		F499916C2728BE78006DA6BE /* Base */ = {isa = PBXFileReference; lastKnownFileType = file.storyboard; name = Base; path = Base.lproj/LaunchScreen.storyboard; sourceTree = "<group>"; };
		F499916E2728BE78006DA6BE /* Info.plist */ = {isa = PBXFileReference; lastKnownFileType = text.plist.xml; path = Info.plist; sourceTree = "<group>"; };
		F49991922728C026006DA6BE /* .swiftlint.yml */ = {isa = PBXFileReference; lastKnownFileType = text.yaml; path = .swiftlint.yml; sourceTree = "<group>"; };
		F49991952728C07E006DA6BE /* ApiService.swift */ = {isa = PBXFileReference; lastKnownFileType = sourcecode.swift; path = ApiService.swift; sourceTree = "<group>"; };
		F4C1CC18272E3DDD00FB0BA5 /* ItemRowFavorite.swift */ = {isa = PBXFileReference; lastKnownFileType = sourcecode.swift; path = ItemRowFavorite.swift; sourceTree = "<group>"; };
		F4C1CC1C272E422D00FB0BA5 /* FavoritePresenter.swift */ = {isa = PBXFileReference; lastKnownFileType = sourcecode.swift; path = FavoritePresenter.swift; sourceTree = "<group>"; };
		F4C1CC20272E975600FB0BA5 /* ProfileView.swift */ = {isa = PBXFileReference; lastKnownFileType = sourcecode.swift; path = ProfileView.swift; sourceTree = "<group>"; };
		F4FB830D272C417700C4C284 /* ItemRowMeal.swift */ = {isa = PBXFileReference; lastKnownFileType = sourcecode.swift; path = ItemRowMeal.swift; sourceTree = "<group>"; };
/* End PBXFileReference section */

/* Begin PBXFrameworksBuildPhase section */
		F462B4F6273214B7006912F9 /* Frameworks */ = {
			isa = PBXFrameworksBuildPhase;
			buildActionMask = 2147483647;
			files = (
			);
			runOnlyForDeploymentPostprocessing = 0;
		};
		F499915A2728BE76006DA6BE /* Frameworks */ = {
			isa = PBXFrameworksBuildPhase;
			buildActionMask = 2147483647;
			files = (
				2DC1360B3041E1694579A4E9 /* Pods_TheMealsApp.framework in Frameworks */,
			);
			runOnlyForDeploymentPostprocessing = 0;
		};
/* End PBXFrameworksBuildPhase section */

/* Begin PBXGroup section */
		1EB38559E18082D099374EED /* Pods */ = {
			isa = PBXGroup;
			children = (
				6083F19F96407C1EB4218BF9 /* Pods-TheMealsApp.debug.xcconfig */,
				57486E894168BB44E34CF51C /* Pods-TheMealsApp.release.xcconfig */,
			);
			path = Pods;
			sourceTree = "<group>";
		};
		D50872388724C4F52592F82C /* Frameworks */ = {
			isa = PBXGroup;
			children = (
				D79B1D140A0233E507D99C90 /* Pods_TheMealsApp.framework */,
			);
			name = Frameworks;
			sourceTree = "<group>";
		};
		F46888E927342C54007C3A60 /* DetailMeal */ = {
			isa = PBXGroup;
			children = (
				F46888EB27342C69007C3A60 /* Presenter */,
				F46888EA27342C60007C3A60 /* View */,
			);
			path = DetailMeal;
			sourceTree = "<group>";
		};
		F46888EA27342C60007C3A60 /* View */ = {
			isa = PBXGroup;
			children = (
				F46888EC27342C83007C3A60 /* DetailMealView.swift */,
			);
			path = View;
			sourceTree = "<group>";
		};
		F46888EB27342C69007C3A60 /* Presenter */ = {
			isa = PBXGroup;
			children = (
				F46888FD2734476D007C3A60 /* DetailMealsPresenter.swift */,
			);
			path = Presenter;
			sourceTree = "<group>";
		};
		F46888EE27342CA2007C3A60 /* Router */ = {
			isa = PBXGroup;
			children = (
				F46888EF27342CC2007C3A60 /* DetailRouter.swift */,
			);
			path = Router;
			sourceTree = "<group>";
		};
		F49991542728BE76006DA6BE = {
			isa = PBXGroup;
			children = (
				F49991922728C026006DA6BE /* .swiftlint.yml */,
				F499915F2728BE76006DA6BE /* TheMealsApp */,
				F499915E2728BE76006DA6BE /* Products */,
				1EB38559E18082D099374EED /* Pods */,
				D50872388724C4F52592F82C /* Frameworks */,
			);
			sourceTree = "<group>";
		};
		F499915E2728BE76006DA6BE /* Products */ = {
			isa = PBXGroup;
			children = (
				F499915D2728BE76006DA6BE /* TheMealsApp.app */,
				F462B4F9273214B7006912F9 /* TheMealsAppTests.xctest */,
			);
			name = Products;
			sourceTree = "<group>";
		};
		F499915F2728BE76006DA6BE /* TheMealsApp */ = {
			isa = PBXGroup;
			children = (
				F49991772728BEB3006DA6BE /* App */,
				F49991762728BEAD006DA6BE /* Core */,
				F49991752728BEA5006DA6BE /* Module */,
				F49991742728BE9B006DA6BE /* Supporting Files */,
				F49991682728BE78006DA6BE /* Preview Content */,
			);
			path = TheMealsApp;
			sourceTree = "<group>";
		};
		F49991682728BE78006DA6BE /* Preview Content */ = {
			isa = PBXGroup;
			children = (
				F49991692728BE78006DA6BE /* Preview Assets.xcassets */,
			);
			path = "Preview Content";
			sourceTree = "<group>";
		};
		F49991742728BE9B006DA6BE /* Supporting Files */ = {
			isa = PBXGroup;
			children = (
				F49991662728BE78006DA6BE /* Assets.xcassets */,
				F499916B2728BE78006DA6BE /* LaunchScreen.storyboard */,
				F499916E2728BE78006DA6BE /* Info.plist */,
			);
			path = "Supporting Files";
			sourceTree = "<group>";
		};
		F49991752728BEA5006DA6BE /* Module */ = {
			isa = PBXGroup;
			children = (
				F49991822728BF37006DA6BE /* Detail */,
				F46888E927342C54007C3A60 /* DetailMeal */,
				F49991802728BF25006DA6BE /* Favorite */,
				F49991832728BF3F006DA6BE /* Home */,
				F4C1CC1E272E973700FB0BA5 /* Profile */,
			);
			path = Module;
			sourceTree = "<group>";
		};
		F49991762728BEAD006DA6BE /* Core */ = {
			isa = PBXGroup;
			children = (
				F49991792728BEF0006DA6BE /* Data */,
				F499917C2728BF08006DA6BE /* DI */,
				F499917B2728BEFE006DA6BE /* Domain */,
				F499917D2728BF0D006DA6BE /* Utils */,
			);
			path = Core;
			sourceTree = "<group>";
		};
		F49991772728BEB3006DA6BE /* App */ = {
			isa = PBXGroup;
			children = (
				F49991602728BE76006DA6BE /* AppDelegate.swift */,
				F49991622728BE76006DA6BE /* SceneDelegate.swift */,
				F49991642728BE76006DA6BE /* ContentView.swift */,
			);
			path = App;
			sourceTree = "<group>";
		};
		F49991782728BEDD006DA6BE /* Remote */ = {
			isa = PBXGroup;
			children = (
				F499917F2728BF1D006DA6BE /* Response */,
				F48B88462728D71000CB0FF6 /* RemoteDataSource.swift */,
			);
			path = Remote;
			sourceTree = "<group>";
		};
		F49991792728BEF0006DA6BE /* Data */ = {
			isa = PBXGroup;
			children = (
				F499917A2728BEF8006DA6BE /* Locale */,
				F49991782728BEDD006DA6BE /* Remote */,
				F48B88482728DE6C00CB0FF6 /* MealRepository.swift */,
			);
			path = Data;
			sourceTree = "<group>";
		};
		F499917A2728BEF8006DA6BE /* Locale */ = {
			isa = PBXGroup;
			children = (
				F499917E2728BF17006DA6BE /* Entity */,
				F48B883E2728D25000CB0FF6 /* LocaleDataSource.swift */,
			);
			path = Locale;
			sourceTree = "<group>";
		};
		F499917B2728BEFE006DA6BE /* Domain */ = {
			isa = PBXGroup;
			children = (
				F49991912728BFC8006DA6BE /* Model */,
				F49991902728BFC3006DA6BE /* UseCase */,
			);
			path = Domain;
			sourceTree = "<group>";
		};
		F499917C2728BF08006DA6BE /* DI */ = {
			isa = PBXGroup;
			children = (
				F440FDED2729FD7E00FFFD0D /* Injection.swift */,
			);
			path = DI;
			sourceTree = "<group>";
		};
		F499917D2728BF0D006DA6BE /* Utils */ = {
			isa = PBXGroup;
			children = (
				F499918F2728BFB0006DA6BE /* Network */,
				F499918E2728BFA8006DA6BE /* Mapper */,
				F499918D2728BF9C006DA6BE /* Extensions */,
				F499918C2728BF94006DA6BE /* View */,
			);
			path = Utils;
			sourceTree = "<group>";
		};
		F499917E2728BF17006DA6BE /* Entity */ = {
			isa = PBXGroup;
			children = (
				F48B883A2728D14000CB0FF6 /* CategoryEntity.swift */,
				F48B883C2728D18600CB0FF6 /* MealEntity.swift */,
				F46888F127342DAB007C3A60 /* DetailMealEntity.swift */,
			);
			path = Entity;
			sourceTree = "<group>";
		};
		F499917F2728BF1D006DA6BE /* Response */ = {
			isa = PBXGroup;
			children = (
				F48B88422728D5BD00CB0FF6 /* CategoriesResponse.swift */,
				F48B88442728D5CA00CB0FF6 /* MealsResponse.swift */,
				F46888F327342F5C007C3A60 /* DetailMealResponse.swift */,
			);
			path = Response;
			sourceTree = "<group>";
		};
		F49991802728BF25006DA6BE /* Favorite */ = {
			isa = PBXGroup;
			children = (
				F499918B2728BF71006DA6BE /* Presenter */,
				F49991892728BF66006DA6BE /* View */,
			);
			path = Favorite;
			sourceTree = "<group>";
		};
		F49991822728BF37006DA6BE /* Detail */ = {
			isa = PBXGroup;
			children = (
				F46888EE27342CA2007C3A60 /* Router */,
				F49991882728BF5E006DA6BE /* Presenter */,
				F49991872728BF58006DA6BE /* View */,
			);
			path = Detail;
			sourceTree = "<group>";
		};
		F49991832728BF3F006DA6BE /* Home */ = {
			isa = PBXGroup;
			children = (
				F49991862728BF52006DA6BE /* Presenter */,
				F49991852728BF4A006DA6BE /* Router */,
				F49991842728BF44006DA6BE /* View */,
			);
			path = Home;
			sourceTree = "<group>";
		};
		F49991842728BF44006DA6BE /* View */ = {
			isa = PBXGroup;
			children = (
				F440FDFB272A02BB00FFFD0D /* HomeView.swift */,
				F440FDFD272A030500FFFD0D /* ItemRowCategory.swift */,
			);
			path = View;
			sourceTree = "<group>";
		};
		F49991852728BF4A006DA6BE /* Router */ = {
			isa = PBXGroup;
			children = (
				F440FDF7272A016A00FFFD0D /* HomeRouter.swift */,
			);
			path = Router;
			sourceTree = "<group>";
		};
		F49991862728BF52006DA6BE /* Presenter */ = {
			isa = PBXGroup;
			children = (
				F440FDF5272A012200FFFD0D /* HomePresenter.swift */,
			);
			path = Presenter;
			sourceTree = "<group>";
		};
		F49991872728BF58006DA6BE /* View */ = {
			isa = PBXGroup;
			children = (
				F440FE03272A040A00FFFD0D /* DetailView.swift */,
				F4FB830D272C417700C4C284 /* ItemRowMeal.swift */,
			);
			path = View;
			sourceTree = "<group>";
		};
		F49991882728BF5E006DA6BE /* Presenter */ = {
			isa = PBXGroup;
			children = (
				F440FE01272A03D800FFFD0D /* DetailPresenter.swift */,
			);
			path = Presenter;
			sourceTree = "<group>";
		};
		F49991892728BF66006DA6BE /* View */ = {
			isa = PBXGroup;
			children = (
				F4958CD3272B1F4C0026666F /* FavoriteView.swift */,
				F4C1CC18272E3DDD00FB0BA5 /* ItemRowFavorite.swift */,
			);
			path = View;
			sourceTree = "<group>";
		};
		F499918B2728BF71006DA6BE /* Presenter */ = {
			isa = PBXGroup;
			children = (
				F4C1CC1C272E422D00FB0BA5 /* FavoritePresenter.swift */,
			);
			path = Presenter;
			sourceTree = "<group>";
		};
		F499918C2728BF94006DA6BE /* View */ = {
			isa = PBXGroup;
			children = (
				F48B88522728E8DD00CB0FF6 /* RoundCorner.swift */,
				F48B88562728E92400CB0FF6 /* CustomEmptyView.swift */,
				F48B885A2728E99200CB0FF6 /* SearchBar.swift */,
			);
			path = View;
			sourceTree = "<group>";
		};
		F499918D2728BF9C006DA6BE /* Extensions */ = {
			isa = PBXGroup;
			children = (
				F464A99D2739770100B46E6B /* ResultExt.swift */,
				F48B88402728D41800CB0FF6 /* CustomErrorExt.swift */,
			);
			path = Extensions;
			sourceTree = "<group>";
		};
		F499918E2728BFA8006DA6BE /* Mapper */ = {
			isa = PBXGroup;
			children = (
				F48B884E2728E06700CB0FF6 /* CategoryMapper.swift */,
				F48B88502728E07100CB0FF6 /* MealMapper.swift */,
				F46888F72734405D007C3A60 /* DetailMealMapper.swift */,
			);
			path = Mapper;
			sourceTree = "<group>";
		};
		F499918F2728BFB0006DA6BE /* Network */ = {
			isa = PBXGroup;
			children = (
				F49991952728C07E006DA6BE /* ApiService.swift */,
			);
			path = Network;
			sourceTree = "<group>";
		};
		F49991902728BFC3006DA6BE /* UseCase */ = {
			isa = PBXGroup;
			children = (
				F440FDEF2729FDB500FFFD0D /* HomeInteractor.swift */,
				F440FDF12729FDC600FFFD0D /* DetailInteractor.swift */,
				F440FDF32729FDDB00FFFD0D /* FavoriteInteractor.swift */,
				F46888FB2734455C007C3A60 /* DetailMealsInteractor.swift */,
			);
			path = UseCase;
			sourceTree = "<group>";
		};
		F49991912728BFC8006DA6BE /* Model */ = {
			isa = PBXGroup;
			children = (
				F48B884A2728E01100CB0FF6 /* CategoryModel.swift */,
				F48B884C2728E01B00CB0FF6 /* MealModel.swift */,
				F46888F527343F4F007C3A60 /* DetailMealModel.swift */,
			);
			path = Model;
			sourceTree = "<group>";
		};
		F4C1CC1E272E973700FB0BA5 /* Profile */ = {
			isa = PBXGroup;
			children = (
				F4C1CC1F272E974100FB0BA5 /* View */,
			);
			path = Profile;
			sourceTree = "<group>";
		};
		F4C1CC1F272E974100FB0BA5 /* View */ = {
			isa = PBXGroup;
			children = (
				F4C1CC20272E975600FB0BA5 /* ProfileView.swift */,
			);
			path = View;
			sourceTree = "<group>";
		};
/* End PBXGroup section */

/* Begin PBXNativeTarget section */
		F462B4F8273214B7006912F9 /* TheMealsAppTests */ = {
			isa = PBXNativeTarget;
			buildConfigurationList = F462B4FF273214B7006912F9 /* Build configuration list for PBXNativeTarget "TheMealsAppTests" */;
			buildPhases = (
				F462B4F5273214B7006912F9 /* Sources */,
				F462B4F6273214B7006912F9 /* Frameworks */,
				F462B4F7273214B7006912F9 /* Resources */,
			);
			buildRules = (
			);
			dependencies = (
				F462B4FE273214B7006912F9 /* PBXTargetDependency */,
			);
			name = TheMealsAppTests;
			productName = TheMealsAppTests;
			productReference = F462B4F9273214B7006912F9 /* TheMealsAppTests.xctest */;
			productType = "com.apple.product-type.bundle.unit-test";
		};
		F499915C2728BE76006DA6BE /* TheMealsApp */ = {
			isa = PBXNativeTarget;
			buildConfigurationList = F49991712728BE78006DA6BE /* Build configuration list for PBXNativeTarget "TheMealsApp" */;
			buildPhases = (
				41C847118BC8444DA4F1A421 /* [CP] Check Pods Manifest.lock */,
				F49991592728BE76006DA6BE /* Sources */,
				F499915A2728BE76006DA6BE /* Frameworks */,
				F499915B2728BE76006DA6BE /* Resources */,
				F49991942728C045006DA6BE /* SwiftLint */,
				4F49D125D5CC41FCB06803A3 /* [CP] Embed Pods Frameworks */,
			);
			buildRules = (
			);
			dependencies = (
			);
			name = TheMealsApp;
			productName = TheMealsApp;
			productReference = F499915D2728BE76006DA6BE /* TheMealsApp.app */;
			productType = "com.apple.product-type.application";
		};
/* End PBXNativeTarget section */

/* Begin PBXProject section */
		F49991552728BE76006DA6BE /* Project object */ = {
			isa = PBXProject;
			attributes = {
				LastSwiftUpdateCheck = 1300;
				LastUpgradeCheck = 1250;
				TargetAttributes = {
					F462B4F8273214B7006912F9 = {
						CreatedOnToolsVersion = 13.0;
						TestTargetID = F499915C2728BE76006DA6BE;
					};
					F499915C2728BE76006DA6BE = {
						CreatedOnToolsVersion = 12.5.1;
					};
				};
			};
			buildConfigurationList = F49991582728BE76006DA6BE /* Build configuration list for PBXProject "TheMealsApp" */;
			compatibilityVersion = "Xcode 9.3";
			developmentRegion = en;
			hasScannedForEncodings = 0;
			knownRegions = (
				en,
				Base,
			);
			mainGroup = F49991542728BE76006DA6BE;
			productRefGroup = F499915E2728BE76006DA6BE /* Products */;
			projectDirPath = "";
			projectRoot = "";
			targets = (
				F499915C2728BE76006DA6BE /* TheMealsApp */,
				F462B4F8273214B7006912F9 /* TheMealsAppTests */,
			);
		};
/* End PBXProject section */

/* Begin PBXResourcesBuildPhase section */
		F462B4F7273214B7006912F9 /* Resources */ = {
			isa = PBXResourcesBuildPhase;
			buildActionMask = 2147483647;
			files = (
			);
			runOnlyForDeploymentPostprocessing = 0;
		};
		F499915B2728BE76006DA6BE /* Resources */ = {
			isa = PBXResourcesBuildPhase;
			buildActionMask = 2147483647;
			files = (
				F49991932728C026006DA6BE /* .swiftlint.yml in Resources */,
				F499916D2728BE78006DA6BE /* LaunchScreen.storyboard in Resources */,
				F499916A2728BE78006DA6BE /* Preview Assets.xcassets in Resources */,
				F49991672728BE78006DA6BE /* Assets.xcassets in Resources */,
			);
			runOnlyForDeploymentPostprocessing = 0;
		};
/* End PBXResourcesBuildPhase section */

/* Begin PBXShellScriptBuildPhase section */
		41C847118BC8444DA4F1A421 /* [CP] Check Pods Manifest.lock */ = {
			isa = PBXShellScriptBuildPhase;
			buildActionMask = 2147483647;
			files = (
			);
			inputFileListPaths = (
			);
			inputPaths = (
				"${PODS_PODFILE_DIR_PATH}/Podfile.lock",
				"${PODS_ROOT}/Manifest.lock",
			);
			name = "[CP] Check Pods Manifest.lock";
			outputFileListPaths = (
			);
			outputPaths = (
				"$(DERIVED_FILE_DIR)/Pods-TheMealsApp-checkManifestLockResult.txt",
			);
			runOnlyForDeploymentPostprocessing = 0;
			shellPath = /bin/sh;
			shellScript = "diff \"${PODS_PODFILE_DIR_PATH}/Podfile.lock\" \"${PODS_ROOT}/Manifest.lock\" > /dev/null\nif [ $? != 0 ] ; then\n    # print error to STDERR\n    echo \"error: The sandbox is not in sync with the Podfile.lock. Run 'pod install' or update your CocoaPods installation.\" >&2\n    exit 1\nfi\n# This output is used by Xcode 'outputs' to avoid re-running this script phase.\necho \"SUCCESS\" > \"${SCRIPT_OUTPUT_FILE_0}\"\n";
			showEnvVarsInLog = 0;
		};
		4F49D125D5CC41FCB06803A3 /* [CP] Embed Pods Frameworks */ = {
			isa = PBXShellScriptBuildPhase;
			buildActionMask = 2147483647;
			files = (
			);
			inputFileListPaths = (
				"${PODS_ROOT}/Target Support Files/Pods-TheMealsApp/Pods-TheMealsApp-frameworks-${CONFIGURATION}-input-files.xcfilelist",
			);
			name = "[CP] Embed Pods Frameworks";
			outputFileListPaths = (
				"${PODS_ROOT}/Target Support Files/Pods-TheMealsApp/Pods-TheMealsApp-frameworks-${CONFIGURATION}-output-files.xcfilelist",
			);
			runOnlyForDeploymentPostprocessing = 0;
			shellPath = /bin/sh;
			shellScript = "\"${PODS_ROOT}/Target Support Files/Pods-TheMealsApp/Pods-TheMealsApp-frameworks.sh\"\n";
			showEnvVarsInLog = 0;
		};
		F49991942728C045006DA6BE /* SwiftLint */ = {
			isa = PBXShellScriptBuildPhase;
			buildActionMask = 2147483647;
			files = (
			);
			inputFileListPaths = (
			);
			inputPaths = (
			);
			name = SwiftLint;
			outputFileListPaths = (
			);
			outputPaths = (
			);
			runOnlyForDeploymentPostprocessing = 0;
			shellPath = /bin/sh;
			shellScript = "if which swiftlint >/dev/null; then\n  swiftlint\nelse\n  echo \"warning: SwiftLint not installed, download from https://github.com/realm/SwiftLint\"\nfi\n";
		};
/* End PBXShellScriptBuildPhase section */

/* Begin PBXSourcesBuildPhase section */
		F462B4F5273214B7006912F9 /* Sources */ = {
			isa = PBXSourcesBuildPhase;
			buildActionMask = 2147483647;
			files = (
			);
			runOnlyForDeploymentPostprocessing = 0;
		};
		F49991592728BE76006DA6BE /* Sources */ = {
			isa = PBXSourcesBuildPhase;
			buildActionMask = 2147483647;
			files = (
				F48B884D2728E01B00CB0FF6 /* MealModel.swift in Sources */,
				F46888FE2734476D007C3A60 /* DetailMealsPresenter.swift in Sources */,
				F46888ED27342C83007C3A60 /* DetailMealView.swift in Sources */,
				F440FDFC272A02BB00FFFD0D /* HomeView.swift in Sources */,
				F48B884B2728E01100CB0FF6 /* CategoryModel.swift in Sources */,
				F46888FC2734455C007C3A60 /* DetailMealsInteractor.swift in Sources */,
				F440FDFE272A030500FFFD0D /* ItemRowCategory.swift in Sources */,
				F48B883F2728D25000CB0FF6 /* LocaleDataSource.swift in Sources */,
				F49991612728BE76006DA6BE /* AppDelegate.swift in Sources */,
				F48B88472728D71000CB0FF6 /* RemoteDataSource.swift in Sources */,
				F49991632728BE76006DA6BE /* SceneDelegate.swift in Sources */,
				F4FB830E272C417700C4C284 /* ItemRowMeal.swift in Sources */,
				F4C1CC19272E3DDD00FB0BA5 /* ItemRowFavorite.swift in Sources */,
				F48B88572728E92400CB0FF6 /* CustomEmptyView.swift in Sources */,
				F48B88532728E8DD00CB0FF6 /* RoundCorner.swift in Sources */,
				F440FDF6272A012200FFFD0D /* HomePresenter.swift in Sources */,
				F48B88452728D5CA00CB0FF6 /* MealsResponse.swift in Sources */,
				F464A99E2739770100B46E6B /* ResultExt.swift in Sources */,
				F4C1CC21272E975600FB0BA5 /* ProfileView.swift in Sources */,
				F48B88432728D5BD00CB0FF6 /* CategoriesResponse.swift in Sources */,
				F46888F627343F4F007C3A60 /* DetailMealModel.swift in Sources */,
				F49991962728C07E006DA6BE /* ApiService.swift in Sources */,
				F4958CD4272B1F4C0026666F /* FavoriteView.swift in Sources */,
				F49991652728BE76006DA6BE /* ContentView.swift in Sources */,
				F440FDEE2729FD7E00FFFD0D /* Injection.swift in Sources */,
				F48B884F2728E06700CB0FF6 /* CategoryMapper.swift in Sources */,
				F46888F027342CC2007C3A60 /* DetailRouter.swift in Sources */,
				F46888F227342DAB007C3A60 /* DetailMealEntity.swift in Sources */,
				F440FDF22729FDC600FFFD0D /* DetailInteractor.swift in Sources */,
				F48B885B2728E99200CB0FF6 /* SearchBar.swift in Sources */,
				F440FE02272A03D800FFFD0D /* DetailPresenter.swift in Sources */,
				F4C1CC1D272E422D00FB0BA5 /* FavoritePresenter.swift in Sources */,
				F48B88412728D41800CB0FF6 /* CustomErrorExt.swift in Sources */,
				F48B883B2728D14000CB0FF6 /* CategoryEntity.swift in Sources */,
				F440FE04272A040A00FFFD0D /* DetailView.swift in Sources */,
				F48B88492728DE6C00CB0FF6 /* MealRepository.swift in Sources */,
				F46888F427342F5C007C3A60 /* DetailMealResponse.swift in Sources */,
				F440FDF42729FDDB00FFFD0D /* FavoriteInteractor.swift in Sources */,
				F440FDF02729FDB500FFFD0D /* HomeInteractor.swift in Sources */,
				F46888F82734405D007C3A60 /* DetailMealMapper.swift in Sources */,
				F48B883D2728D18600CB0FF6 /* MealEntity.swift in Sources */,
				F440FDF8272A016A00FFFD0D /* HomeRouter.swift in Sources */,
				F48B88512728E07100CB0FF6 /* MealMapper.swift in Sources */,
			);
			runOnlyForDeploymentPostprocessing = 0;
		};
/* End PBXSourcesBuildPhase section */

/* Begin PBXTargetDependency section */
		F462B4FE273214B7006912F9 /* PBXTargetDependency */ = {
			isa = PBXTargetDependency;
			target = F499915C2728BE76006DA6BE /* TheMealsApp */;
			targetProxy = F462B4FD273214B7006912F9 /* PBXContainerItemProxy */;
		};
/* End PBXTargetDependency section */

/* Begin PBXVariantGroup section */
		F499916B2728BE78006DA6BE /* LaunchScreen.storyboard */ = {
			isa = PBXVariantGroup;
			children = (
				F499916C2728BE78006DA6BE /* Base */,
			);
			name = LaunchScreen.storyboard;
			sourceTree = "<group>";
		};
/* End PBXVariantGroup section */

/* Begin XCBuildConfiguration section */
		F462B500273214B7006912F9 /* Debug */ = {
			isa = XCBuildConfiguration;
			buildSettings = {
				BUNDLE_LOADER = "$(TEST_HOST)";
				CLANG_CXX_LANGUAGE_STANDARD = "gnu++17";
				CODE_SIGN_STYLE = Automatic;
				CURRENT_PROJECT_VERSION = 1;
				DEVELOPMENT_TEAM = 78SHMFQ884;
				GENERATE_INFOPLIST_FILE = YES;
				IPHONEOS_DEPLOYMENT_TARGET = 15.0;
				LD_RUNPATH_SEARCH_PATHS = (
					"$(inherited)",
					"@executable_path/Frameworks",
					"@loader_path/Frameworks",
				);
				MARKETING_VERSION = 1.0;
				PRODUCT_BUNDLE_IDENTIFIER = com.iman.latihan.TheMealsAppTests;
				PRODUCT_NAME = "$(TARGET_NAME)";
				SWIFT_EMIT_LOC_STRINGS = NO;
				SWIFT_VERSION = 5.0;
				TARGETED_DEVICE_FAMILY = "1,2";
				TEST_HOST = "$(BUILT_PRODUCTS_DIR)/TheMealsApp.app/TheMealsApp";
			};
			name = Debug;
		};
		F462B501273214B7006912F9 /* Release */ = {
			isa = XCBuildConfiguration;
			buildSettings = {
				BUNDLE_LOADER = "$(TEST_HOST)";
				CLANG_CXX_LANGUAGE_STANDARD = "gnu++17";
				CODE_SIGN_STYLE = Automatic;
				CURRENT_PROJECT_VERSION = 1;
				DEVELOPMENT_TEAM = 78SHMFQ884;
				GENERATE_INFOPLIST_FILE = YES;
				IPHONEOS_DEPLOYMENT_TARGET = 15.0;
				LD_RUNPATH_SEARCH_PATHS = (
					"$(inherited)",
					"@executable_path/Frameworks",
					"@loader_path/Frameworks",
				);
				MARKETING_VERSION = 1.0;
				PRODUCT_BUNDLE_IDENTIFIER = com.iman.latihan.TheMealsAppTests;
				PRODUCT_NAME = "$(TARGET_NAME)";
				SWIFT_EMIT_LOC_STRINGS = NO;
				SWIFT_VERSION = 5.0;
				TARGETED_DEVICE_FAMILY = "1,2";
				TEST_HOST = "$(BUILT_PRODUCTS_DIR)/TheMealsApp.app/TheMealsApp";
			};
			name = Release;
		};
		F499916F2728BE78006DA6BE /* Debug */ = {
			isa = XCBuildConfiguration;
			buildSettings = {
				ALWAYS_SEARCH_USER_PATHS = NO;
				CLANG_ANALYZER_NONNULL = YES;
				CLANG_ANALYZER_NUMBER_OBJECT_CONVERSION = YES_AGGRESSIVE;
				CLANG_CXX_LANGUAGE_STANDARD = "gnu++14";
				CLANG_CXX_LIBRARY = "libc++";
				CLANG_ENABLE_MODULES = YES;
				CLANG_ENABLE_OBJC_ARC = YES;
				CLANG_ENABLE_OBJC_WEAK = YES;
				CLANG_WARN_BLOCK_CAPTURE_AUTORELEASING = YES;
				CLANG_WARN_BOOL_CONVERSION = YES;
				CLANG_WARN_COMMA = YES;
				CLANG_WARN_CONSTANT_CONVERSION = YES;
				CLANG_WARN_DEPRECATED_OBJC_IMPLEMENTATIONS = YES;
				CLANG_WARN_DIRECT_OBJC_ISA_USAGE = YES_ERROR;
				CLANG_WARN_DOCUMENTATION_COMMENTS = YES;
				CLANG_WARN_EMPTY_BODY = YES;
				CLANG_WARN_ENUM_CONVERSION = YES;
				CLANG_WARN_INFINITE_RECURSION = YES;
				CLANG_WARN_INT_CONVERSION = YES;
				CLANG_WARN_NON_LITERAL_NULL_CONVERSION = YES;
				CLANG_WARN_OBJC_IMPLICIT_RETAIN_SELF = YES;
				CLANG_WARN_OBJC_LITERAL_CONVERSION = YES;
				CLANG_WARN_OBJC_ROOT_CLASS = YES_ERROR;
				CLANG_WARN_QUOTED_INCLUDE_IN_FRAMEWORK_HEADER = YES;
				CLANG_WARN_RANGE_LOOP_ANALYSIS = YES;
				CLANG_WARN_STRICT_PROTOTYPES = YES;
				CLANG_WARN_SUSPICIOUS_MOVE = YES;
				CLANG_WARN_UNGUARDED_AVAILABILITY = YES_AGGRESSIVE;
				CLANG_WARN_UNREACHABLE_CODE = YES;
				CLANG_WARN__DUPLICATE_METHOD_MATCH = YES;
				COPY_PHASE_STRIP = NO;
				DEBUG_INFORMATION_FORMAT = dwarf;
				ENABLE_STRICT_OBJC_MSGSEND = YES;
				ENABLE_TESTABILITY = YES;
				GCC_C_LANGUAGE_STANDARD = gnu11;
				GCC_DYNAMIC_NO_PIC = NO;
				GCC_NO_COMMON_BLOCKS = YES;
				GCC_OPTIMIZATION_LEVEL = 0;
				GCC_PREPROCESSOR_DEFINITIONS = (
					"DEBUG=1",
					"$(inherited)",
				);
				GCC_WARN_64_TO_32_BIT_CONVERSION = YES;
				GCC_WARN_ABOUT_RETURN_TYPE = YES_ERROR;
				GCC_WARN_UNDECLARED_SELECTOR = YES;
				GCC_WARN_UNINITIALIZED_AUTOS = YES_AGGRESSIVE;
				GCC_WARN_UNUSED_FUNCTION = YES;
				GCC_WARN_UNUSED_VARIABLE = YES;
				IPHONEOS_DEPLOYMENT_TARGET = 14.6;
				MTL_ENABLE_DEBUG_INFO = INCLUDE_SOURCE;
				MTL_FAST_MATH = YES;
				ONLY_ACTIVE_ARCH = YES;
				SDKROOT = iphoneos;
				SWIFT_ACTIVE_COMPILATION_CONDITIONS = DEBUG;
				SWIFT_OPTIMIZATION_LEVEL = "-Onone";
			};
			name = Debug;
		};
		F49991702728BE78006DA6BE /* Release */ = {
			isa = XCBuildConfiguration;
			buildSettings = {
				ALWAYS_SEARCH_USER_PATHS = NO;
				CLANG_ANALYZER_NONNULL = YES;
				CLANG_ANALYZER_NUMBER_OBJECT_CONVERSION = YES_AGGRESSIVE;
				CLANG_CXX_LANGUAGE_STANDARD = "gnu++14";
				CLANG_CXX_LIBRARY = "libc++";
				CLANG_ENABLE_MODULES = YES;
				CLANG_ENABLE_OBJC_ARC = YES;
				CLANG_ENABLE_OBJC_WEAK = YES;
				CLANG_WARN_BLOCK_CAPTURE_AUTORELEASING = YES;
				CLANG_WARN_BOOL_CONVERSION = YES;
				CLANG_WARN_COMMA = YES;
				CLANG_WARN_CONSTANT_CONVERSION = YES;
				CLANG_WARN_DEPRECATED_OBJC_IMPLEMENTATIONS = YES;
				CLANG_WARN_DIRECT_OBJC_ISA_USAGE = YES_ERROR;
				CLANG_WARN_DOCUMENTATION_COMMENTS = YES;
				CLANG_WARN_EMPTY_BODY = YES;
				CLANG_WARN_ENUM_CONVERSION = YES;
				CLANG_WARN_INFINITE_RECURSION = YES;
				CLANG_WARN_INT_CONVERSION = YES;
				CLANG_WARN_NON_LITERAL_NULL_CONVERSION = YES;
				CLANG_WARN_OBJC_IMPLICIT_RETAIN_SELF = YES;
				CLANG_WARN_OBJC_LITERAL_CONVERSION = YES;
				CLANG_WARN_OBJC_ROOT_CLASS = YES_ERROR;
				CLANG_WARN_QUOTED_INCLUDE_IN_FRAMEWORK_HEADER = YES;
				CLANG_WARN_RANGE_LOOP_ANALYSIS = YES;
				CLANG_WARN_STRICT_PROTOTYPES = YES;
				CLANG_WARN_SUSPICIOUS_MOVE = YES;
				CLANG_WARN_UNGUARDED_AVAILABILITY = YES_AGGRESSIVE;
				CLANG_WARN_UNREACHABLE_CODE = YES;
				CLANG_WARN__DUPLICATE_METHOD_MATCH = YES;
				COPY_PHASE_STRIP = NO;
				DEBUG_INFORMATION_FORMAT = "dwarf-with-dsym";
				ENABLE_NS_ASSERTIONS = NO;
				ENABLE_STRICT_OBJC_MSGSEND = YES;
				GCC_C_LANGUAGE_STANDARD = gnu11;
				GCC_NO_COMMON_BLOCKS = YES;
				GCC_WARN_64_TO_32_BIT_CONVERSION = YES;
				GCC_WARN_ABOUT_RETURN_TYPE = YES_ERROR;
				GCC_WARN_UNDECLARED_SELECTOR = YES;
				GCC_WARN_UNINITIALIZED_AUTOS = YES_AGGRESSIVE;
				GCC_WARN_UNUSED_FUNCTION = YES;
				GCC_WARN_UNUSED_VARIABLE = YES;
				IPHONEOS_DEPLOYMENT_TARGET = 14.6;
				MTL_ENABLE_DEBUG_INFO = NO;
				MTL_FAST_MATH = YES;
				SDKROOT = iphoneos;
				SWIFT_COMPILATION_MODE = wholemodule;
				SWIFT_OPTIMIZATION_LEVEL = "-O";
				VALIDATE_PRODUCT = YES;
			};
			name = Release;
		};
		F49991722728BE78006DA6BE /* Debug */ = {
			isa = XCBuildConfiguration;
			baseConfigurationReference = 6083F19F96407C1EB4218BF9 /* Pods-TheMealsApp.debug.xcconfig */;
			buildSettings = {
				ASSETCATALOG_COMPILER_APPICON_NAME = AppIcon;
				ASSETCATALOG_COMPILER_GLOBAL_ACCENT_COLOR_NAME = AccentColor;
				CODE_SIGN_STYLE = Automatic;
				DEVELOPMENT_ASSET_PATHS = "\"TheMealsApp/Preview Content\"";
				DEVELOPMENT_TEAM = 78SHMFQ884;
				ENABLE_PREVIEWS = YES;
				INFOPLIST_FILE = "TheMealsApp/Supporting Files/Info.plist";
				LD_RUNPATH_SEARCH_PATHS = (
					"$(inherited)",
					"@executable_path/Frameworks",
				);
				PRODUCT_BUNDLE_IDENTIFIER = com.iman.latihan.TheMealsApp;
				PRODUCT_NAME = "$(TARGET_NAME)";
				SWIFT_VERSION = 5.0;
				TARGETED_DEVICE_FAMILY = "1,2";
			};
			name = Debug;
		};
		F49991732728BE78006DA6BE /* Release */ = {
			isa = XCBuildConfiguration;
			baseConfigurationReference = 57486E894168BB44E34CF51C /* Pods-TheMealsApp.release.xcconfig */;
			buildSettings = {
				ASSETCATALOG_COMPILER_APPICON_NAME = AppIcon;
				ASSETCATALOG_COMPILER_GLOBAL_ACCENT_COLOR_NAME = AccentColor;
				CODE_SIGN_STYLE = Automatic;
				DEVELOPMENT_ASSET_PATHS = "\"TheMealsApp/Preview Content\"";
				DEVELOPMENT_TEAM = 78SHMFQ884;
				ENABLE_PREVIEWS = YES;
				INFOPLIST_FILE = "TheMealsApp/Supporting Files/Info.plist";
				LD_RUNPATH_SEARCH_PATHS = (
					"$(inherited)",
					"@executable_path/Frameworks",
				);
				PRODUCT_BUNDLE_IDENTIFIER = com.iman.latihan.TheMealsApp;
				PRODUCT_NAME = "$(TARGET_NAME)";
				SWIFT_VERSION = 5.0;
				TARGETED_DEVICE_FAMILY = "1,2";
			};
			name = Release;
		};
/* End XCBuildConfiguration section */

/* Begin XCConfigurationList section */
		F462B4FF273214B7006912F9 /* Build configuration list for PBXNativeTarget "TheMealsAppTests" */ = {
			isa = XCConfigurationList;
			buildConfigurations = (
				F462B500273214B7006912F9 /* Debug */,
				F462B501273214B7006912F9 /* Release */,
			);
			defaultConfigurationIsVisible = 0;
			defaultConfigurationName = Release;
		};
		F49991582728BE76006DA6BE /* Build configuration list for PBXProject "TheMealsApp" */ = {
			isa = XCConfigurationList;
			buildConfigurations = (
				F499916F2728BE78006DA6BE /* Debug */,
				F49991702728BE78006DA6BE /* Release */,
			);
			defaultConfigurationIsVisible = 0;
			defaultConfigurationName = Release;
		};
		F49991712728BE78006DA6BE /* Build configuration list for PBXNativeTarget "TheMealsApp" */ = {
			isa = XCConfigurationList;
			buildConfigurations = (
				F49991722728BE78006DA6BE /* Debug */,
				F49991732728BE78006DA6BE /* Release */,
			);
			defaultConfigurationIsVisible = 0;
			defaultConfigurationName = Release;
		};
/* End XCConfigurationList section */
	};
	rootObject = F49991552728BE76006DA6BE /* Project object */;
}
