// !$*UTF8*$!
{
	archiveVersion = 1;
	classes = {
	};
	objectVersion = 50;
	objects = {

/* Begin PBXBuildFile section */
		F49991612728BE76006DA6BE /* AppDelegate.swift in Sources */ = {isa = PBXBuildFile; fileRef = F49991602728BE76006DA6BE /* AppDelegate.swift */; };
		F49991632728BE76006DA6BE /* SceneDelegate.swift in Sources */ = {isa = PBXBuildFile; fileRef = F49991622728BE76006DA6BE /* SceneDelegate.swift */; };
		F49991652728BE76006DA6BE /* ContentView.swift in Sources */ = {isa = PBXBuildFile; fileRef = F49991642728BE76006DA6BE /* ContentView.swift */; };
		F49991672728BE78006DA6BE /* Assets.xcassets in Resources */ = {isa = PBXBuildFile; fileRef = F49991662728BE78006DA6BE /* Assets.xcassets */; };
		F499916A2728BE78006DA6BE /* Preview Assets.xcassets in Resources */ = {isa = PBXBuildFile; fileRef = F49991692728BE78006DA6BE /* Preview Assets.xcassets */; };
		F499916D2728BE78006DA6BE /* LaunchScreen.storyboard in Resources */ = {isa = PBXBuildFile; fileRef = F499916B2728BE78006DA6BE /* LaunchScreen.storyboard */; };
		F49991932728C026006DA6BE /* .swiftlint.yml in Resources */ = {isa = PBXBuildFile; fileRef = F49991922728C026006DA6BE /* .swiftlint.yml */; };
		F49991962728C07E006DA6BE /* ApiService.swift in Sources */ = {isa = PBXBuildFile; fileRef = F49991952728C07E006DA6BE /* ApiService.swift */; };
/* End PBXBuildFile section */

/* Begin PBXFileReference section */
		F499915D2728BE76006DA6BE /* TheMealsApp.app */ = {isa = PBXFileReference; explicitFileType = wrapper.application; includeInIndex = 0; path = TheMealsApp.app; sourceTree = BUILT_PRODUCTS_DIR; };
		F49991602728BE76006DA6BE /* AppDelegate.swift */ = {isa = PBXFileReference; lastKnownFileType = sourcecode.swift; path = AppDelegate.swift; sourceTree = "<group>"; };
		F49991622728BE76006DA6BE /* SceneDelegate.swift */ = {isa = PBXFileReference; lastKnownFileType = sourcecode.swift; path = SceneDelegate.swift; sourceTree = "<group>"; };
		F49991642728BE76006DA6BE /* ContentView.swift */ = {isa = PBXFileReference; lastKnownFileType = sourcecode.swift; path = ContentView.swift; sourceTree = "<group>"; };
		F49991662728BE78006DA6BE /* Assets.xcassets */ = {isa = PBXFileReference; lastKnownFileType = folder.assetcatalog; path = Assets.xcassets; sourceTree = "<group>"; };
		F49991692728BE78006DA6BE /* Preview Assets.xcassets */ = {isa = PBXFileReference; lastKnownFileType = folder.assetcatalog; path = "Preview Assets.xcassets"; sourceTree = "<group>"; };
		F499916C2728BE78006DA6BE /* Base */ = {isa = PBXFileReference; lastKnownFileType = file.storyboard; name = Base; path = Base.lproj/LaunchScreen.storyboard; sourceTree = "<group>"; };
		F499916E2728BE78006DA6BE /* Info.plist */ = {isa = PBXFileReference; lastKnownFileType = text.plist.xml; path = Info.plist; sourceTree = "<group>"; };
		F49991922728C026006DA6BE /* .swiftlint.yml */ = {isa = PBXFileReference; lastKnownFileType = text.yaml; path = .swiftlint.yml; sourceTree = "<group>"; };
		F49991952728C07E006DA6BE /* ApiService.swift */ = {isa = PBXFileReference; lastKnownFileType = sourcecode.swift; path = ApiService.swift; sourceTree = "<group>"; };
/* End PBXFileReference section */

/* Begin PBXFrameworksBuildPhase section */
		F499915A2728BE76006DA6BE /* Frameworks */ = {
			isa = PBXFrameworksBuildPhase;
			buildActionMask = 2147483647;
			files = (
			);
			runOnlyForDeploymentPostprocessing = 0;
		};
/* End PBXFrameworksBuildPhase section */

/* Begin PBXGroup section */
		F49991542728BE76006DA6BE = {
			isa = PBXGroup;
			children = (
				F49991922728C026006DA6BE /* .swiftlint.yml */,
				F499915F2728BE76006DA6BE /* TheMealsApp */,
				F499915E2728BE76006DA6BE /* Products */,
			);
			sourceTree = "<group>";
		};
		F499915E2728BE76006DA6BE /* Products */ = {
			isa = PBXGroup;
			children = (
				F499915D2728BE76006DA6BE /* TheMealsApp.app */,
			);
			name = Products;
			sourceTree = "<group>";
		};
		F499915F2728BE76006DA6BE /* TheMealsApp */ = {
			isa = PBXGroup;
			children = (
				F49991772728BEB3006DA6BE /* App */,
				F49991762728BEAD006DA6BE /* Core */,
				F49991752728BEA5006DA6BE /* Module */,
				F49991742728BE9B006DA6BE /* Supporting Files */,
				F49991682728BE78006DA6BE /* Preview Content */,
			);
			path = TheMealsApp;
			sourceTree = "<group>";
		};
		F49991682728BE78006DA6BE /* Preview Content */ = {
			isa = PBXGroup;
			children = (
				F49991692728BE78006DA6BE /* Preview Assets.xcassets */,
			);
			path = "Preview Content";
			sourceTree = "<group>";
		};
		F49991742728BE9B006DA6BE /* Supporting Files */ = {
			isa = PBXGroup;
			children = (
				F49991662728BE78006DA6BE /* Assets.xcassets */,
				F499916B2728BE78006DA6BE /* LaunchScreen.storyboard */,
				F499916E2728BE78006DA6BE /* Info.plist */,
			);
			path = "Supporting Files";
			sourceTree = "<group>";
		};
		F49991752728BEA5006DA6BE /* Module */ = {
			isa = PBXGroup;
			children = (
				F49991832728BF3F006DA6BE /* Home */,
				F49991822728BF37006DA6BE /* Detail */,
				F49991802728BF25006DA6BE /* Favorite */,
			);
			path = Module;
			sourceTree = "<group>";
		};
		F49991762728BEAD006DA6BE /* Core */ = {
			isa = PBXGroup;
			children = (
				F49991792728BEF0006DA6BE /* Data */,
				F499917C2728BF08006DA6BE /* DI */,
				F499917B2728BEFE006DA6BE /* Domain */,
				F499917D2728BF0D006DA6BE /* Utils */,
			);
			path = Core;
			sourceTree = "<group>";
		};
		F49991772728BEB3006DA6BE /* App */ = {
			isa = PBXGroup;
			children = (
				F49991602728BE76006DA6BE /* AppDelegate.swift */,
				F49991622728BE76006DA6BE /* SceneDelegate.swift */,
				F49991642728BE76006DA6BE /* ContentView.swift */,
			);
			path = App;
			sourceTree = "<group>";
		};
		F49991782728BEDD006DA6BE /* Remote */ = {
			isa = PBXGroup;
			children = (
				F499917F2728BF1D006DA6BE /* Response */,
			);
			path = Remote;
			sourceTree = "<group>";
		};
		F49991792728BEF0006DA6BE /* Data */ = {
			isa = PBXGroup;
			children = (
				F499917A2728BEF8006DA6BE /* Locale */,
				F49991782728BEDD006DA6BE /* Remote */,
			);
			path = Data;
			sourceTree = "<group>";
		};
		F499917A2728BEF8006DA6BE /* Locale */ = {
			isa = PBXGroup;
			children = (
				F499917E2728BF17006DA6BE /* Entity */,
			);
			path = Locale;
			sourceTree = "<group>";
		};
		F499917B2728BEFE006DA6BE /* Domain */ = {
			isa = PBXGroup;
			children = (
				F49991912728BFC8006DA6BE /* Model */,
				F49991902728BFC3006DA6BE /* UseCase */,
			);
			path = Domain;
			sourceTree = "<group>";
		};
		F499917C2728BF08006DA6BE /* DI */ = {
			isa = PBXGroup;
			children = (
			);
			path = DI;
			sourceTree = "<group>";
		};
		F499917D2728BF0D006DA6BE /* Utils */ = {
			isa = PBXGroup;
			children = (
				F499918F2728BFB0006DA6BE /* Network */,
				F499918E2728BFA8006DA6BE /* Mapper */,
				F499918D2728BF9C006DA6BE /* Extensions */,
				F499918C2728BF94006DA6BE /* View */,
			);
			path = Utils;
			sourceTree = "<group>";
		};
		F499917E2728BF17006DA6BE /* Entity */ = {
			isa = PBXGroup;
			children = (
			);
			path = Entity;
			sourceTree = "<group>";
		};
		F499917F2728BF1D006DA6BE /* Response */ = {
			isa = PBXGroup;
			children = (
			);
			path = Response;
			sourceTree = "<group>";
		};
		F49991802728BF25006DA6BE /* Favorite */ = {
			isa = PBXGroup;
			children = (
				F499918B2728BF71006DA6BE /* Presenter */,
				F499918A2728BF6C006DA6BE /* Router */,
				F49991892728BF66006DA6BE /* View */,
			);
			path = Favorite;
			sourceTree = "<group>";
		};
		F49991822728BF37006DA6BE /* Detail */ = {
			isa = PBXGroup;
			children = (
				F49991882728BF5E006DA6BE /* Presenter */,
				F49991872728BF58006DA6BE /* View */,
			);
			path = Detail;
			sourceTree = "<group>";
		};
		F49991832728BF3F006DA6BE /* Home */ = {
			isa = PBXGroup;
			children = (
				F49991862728BF52006DA6BE /* Presenter */,
				F49991852728BF4A006DA6BE /* Router */,
				F49991842728BF44006DA6BE /* View */,
			);
			path = Home;
			sourceTree = "<group>";
		};
		F49991842728BF44006DA6BE /* View */ = {
			isa = PBXGroup;
			children = (
			);
			path = View;
			sourceTree = "<group>";
		};
		F49991852728BF4A006DA6BE /* Router */ = {
			isa = PBXGroup;
			children = (
			);
			path = Router;
			sourceTree = "<group>";
		};
		F49991862728BF52006DA6BE /* Presenter */ = {
			isa = PBXGroup;
			children = (
			);
			path = Presenter;
			sourceTree = "<group>";
		};
		F49991872728BF58006DA6BE /* View */ = {
			isa = PBXGroup;
			children = (
			);
			path = View;
			sourceTree = "<group>";
		};
		F49991882728BF5E006DA6BE /* Presenter */ = {
			isa = PBXGroup;
			children = (
			);
			path = Presenter;
			sourceTree = "<group>";
		};
		F49991892728BF66006DA6BE /* View */ = {
			isa = PBXGroup;
			children = (
			);
			path = View;
			sourceTree = "<group>";
		};
		F499918A2728BF6C006DA6BE /* Router */ = {
			isa = PBXGroup;
			children = (
			);
			path = Router;
			sourceTree = "<group>";
		};
		F499918B2728BF71006DA6BE /* Presenter */ = {
			isa = PBXGroup;
			children = (
			);
			path = Presenter;
			sourceTree = "<group>";
		};
		F499918C2728BF94006DA6BE /* View */ = {
			isa = PBXGroup;
			children = (
			);
			path = View;
			sourceTree = "<group>";
		};
		F499918D2728BF9C006DA6BE /* Extensions */ = {
			isa = PBXGroup;
			children = (
			);
			path = Extensions;
			sourceTree = "<group>";
		};
		F499918E2728BFA8006DA6BE /* Mapper */ = {
			isa = PBXGroup;
			children = (
			);
			path = Mapper;
			sourceTree = "<group>";
		};
		F499918F2728BFB0006DA6BE /* Network */ = {
			isa = PBXGroup;
			children = (
				F49991952728C07E006DA6BE /* ApiService.swift */,
			);
			path = Network;
			sourceTree = "<group>";
		};
		F49991902728BFC3006DA6BE /* UseCase */ = {
			isa = PBXGroup;
			children = (
			);
			path = UseCase;
			sourceTree = "<group>";
		};
		F49991912728BFC8006DA6BE /* Model */ = {
			isa = PBXGroup;
			children = (
			);
			path = Model;
			sourceTree = "<group>";
		};
/* End PBXGroup section */

/* Begin PBXNativeTarget section */
		F499915C2728BE76006DA6BE /* TheMealsApp */ = {
			isa = PBXNativeTarget;
			buildConfigurationList = F49991712728BE78006DA6BE /* Build configuration list for PBXNativeTarget "TheMealsApp" */;
			buildPhases = (
				F49991592728BE76006DA6BE /* Sources */,
				F499915A2728BE76006DA6BE /* Frameworks */,
				F499915B2728BE76006DA6BE /* Resources */,
				F49991942728C045006DA6BE /* SwiftLint */,
			);
			buildRules = (
			);
			dependencies = (
			);
			name = TheMealsApp;
			productName = TheMealsApp;
			productReference = F499915D2728BE76006DA6BE /* TheMealsApp.app */;
			productType = "com.apple.product-type.application";
		};
/* End PBXNativeTarget section */

/* Begin PBXProject section */
		F49991552728BE76006DA6BE /* Project object */ = {
			isa = PBXProject;
			attributes = {
				LastSwiftUpdateCheck = 1250;
				LastUpgradeCheck = 1250;
				TargetAttributes = {
					F499915C2728BE76006DA6BE = {
						CreatedOnToolsVersion = 12.5.1;
					};
				};
			};
			buildConfigurationList = F49991582728BE76006DA6BE /* Build configuration list for PBXProject "TheMealsApp" */;
			compatibilityVersion = "Xcode 9.3";
			developmentRegion = en;
			hasScannedForEncodings = 0;
			knownRegions = (
				en,
				Base,
			);
			mainGroup = F49991542728BE76006DA6BE;
			productRefGroup = F499915E2728BE76006DA6BE /* Products */;
			projectDirPath = "";
			projectRoot = "";
			targets = (
				F499915C2728BE76006DA6BE /* TheMealsApp */,
			);
		};
/* End PBXProject section */

/* Begin PBXResourcesBuildPhase section */
		F499915B2728BE76006DA6BE /* Resources */ = {
			isa = PBXResourcesBuildPhase;
			buildActionMask = 2147483647;
			files = (
				F49991932728C026006DA6BE /* .swiftlint.yml in Resources */,
				F499916D2728BE78006DA6BE /* LaunchScreen.storyboard in Resources */,
				F499916A2728BE78006DA6BE /* Preview Assets.xcassets in Resources */,
				F49991672728BE78006DA6BE /* Assets.xcassets in Resources */,
			);
			runOnlyForDeploymentPostprocessing = 0;
		};
/* End PBXResourcesBuildPhase section */

/* Begin PBXShellScriptBuildPhase section */
		F49991942728C045006DA6BE /* SwiftLint */ = {
			isa = PBXShellScriptBuildPhase;
			buildActionMask = 2147483647;
			files = (
			);
			inputFileListPaths = (
			);
			inputPaths = (
			);
			name = SwiftLint;
			outputFileListPaths = (
			);
			outputPaths = (
			);
			runOnlyForDeploymentPostprocessing = 0;
			shellPath = /bin/sh;
			shellScript = "if which swiftlint >/dev/null; then\n  swiftlint\nelse\n  echo \"warning: SwiftLint not installed, download from https://github.com/realm/SwiftLint\"\nfi\n";
		};
/* End PBXShellScriptBuildPhase section */

/* Begin PBXSourcesBuildPhase section */
		F49991592728BE76006DA6BE /* Sources */ = {
			isa = PBXSourcesBuildPhase;
			buildActionMask = 2147483647;
			files = (
				F49991612728BE76006DA6BE /* AppDelegate.swift in Sources */,
				F49991632728BE76006DA6BE /* SceneDelegate.swift in Sources */,
				F49991962728C07E006DA6BE /* ApiService.swift in Sources */,
				F49991652728BE76006DA6BE /* ContentView.swift in Sources */,
			);
			runOnlyForDeploymentPostprocessing = 0;
		};
/* End PBXSourcesBuildPhase section */

/* Begin PBXVariantGroup section */
		F499916B2728BE78006DA6BE /* LaunchScreen.storyboard */ = {
			isa = PBXVariantGroup;
			children = (
				F499916C2728BE78006DA6BE /* Base */,
			);
			name = LaunchScreen.storyboard;
			sourceTree = "<group>";
		};
/* End PBXVariantGroup section */

/* Begin XCBuildConfiguration section */
		F499916F2728BE78006DA6BE /* Debug */ = {
			isa = XCBuildConfiguration;
			buildSettings = {
				ALWAYS_SEARCH_USER_PATHS = NO;
				CLANG_ANALYZER_NONNULL = YES;
				CLANG_ANALYZER_NUMBER_OBJECT_CONVERSION = YES_AGGRESSIVE;
				CLANG_CXX_LANGUAGE_STANDARD = "gnu++14";
				CLANG_CXX_LIBRARY = "libc++";
				CLANG_ENABLE_MODULES = YES;
				CLANG_ENABLE_OBJC_ARC = YES;
				CLANG_ENABLE_OBJC_WEAK = YES;
				CLANG_WARN_BLOCK_CAPTURE_AUTORELEASING = YES;
				CLANG_WARN_BOOL_CONVERSION = YES;
				CLANG_WARN_COMMA = YES;
				CLANG_WARN_CONSTANT_CONVERSION = YES;
				CLANG_WARN_DEPRECATED_OBJC_IMPLEMENTATIONS = YES;
				CLANG_WARN_DIRECT_OBJC_ISA_USAGE = YES_ERROR;
				CLANG_WARN_DOCUMENTATION_COMMENTS = YES;
				CLANG_WARN_EMPTY_BODY = YES;
				CLANG_WARN_ENUM_CONVERSION = YES;
				CLANG_WARN_INFINITE_RECURSION = YES;
				CLANG_WARN_INT_CONVERSION = YES;
				CLANG_WARN_NON_LITERAL_NULL_CONVERSION = YES;
				CLANG_WARN_OBJC_IMPLICIT_RETAIN_SELF = YES;
				CLANG_WARN_OBJC_LITERAL_CONVERSION = YES;
				CLANG_WARN_OBJC_ROOT_CLASS = YES_ERROR;
				CLANG_WARN_QUOTED_INCLUDE_IN_FRAMEWORK_HEADER = YES;
				CLANG_WARN_RANGE_LOOP_ANALYSIS = YES;
				CLANG_WARN_STRICT_PROTOTYPES = YES;
				CLANG_WARN_SUSPICIOUS_MOVE = YES;
				CLANG_WARN_UNGUARDED_AVAILABILITY = YES_AGGRESSIVE;
				CLANG_WARN_UNREACHABLE_CODE = YES;
				CLANG_WARN__DUPLICATE_METHOD_MATCH = YES;
				COPY_PHASE_STRIP = NO;
				DEBUG_INFORMATION_FORMAT = dwarf;
				ENABLE_STRICT_OBJC_MSGSEND = YES;
				ENABLE_TESTABILITY = YES;
				GCC_C_LANGUAGE_STANDARD = gnu11;
				GCC_DYNAMIC_NO_PIC = NO;
				GCC_NO_COMMON_BLOCKS = YES;
				GCC_OPTIMIZATION_LEVEL = 0;
				GCC_PREPROCESSOR_DEFINITIONS = (
					"DEBUG=1",
					"$(inherited)",
				);
				GCC_WARN_64_TO_32_BIT_CONVERSION = YES;
				GCC_WARN_ABOUT_RETURN_TYPE = YES_ERROR;
				GCC_WARN_UNDECLARED_SELECTOR = YES;
				GCC_WARN_UNINITIALIZED_AUTOS = YES_AGGRESSIVE;
				GCC_WARN_UNUSED_FUNCTION = YES;
				GCC_WARN_UNUSED_VARIABLE = YES;
				IPHONEOS_DEPLOYMENT_TARGET = 14.5;
				MTL_ENABLE_DEBUG_INFO = INCLUDE_SOURCE;
				MTL_FAST_MATH = YES;
				ONLY_ACTIVE_ARCH = YES;
				SDKROOT = iphoneos;
				SWIFT_ACTIVE_COMPILATION_CONDITIONS = DEBUG;
				SWIFT_OPTIMIZATION_LEVEL = "-Onone";
			};
			name = Debug;
		};
		F49991702728BE78006DA6BE /* Release */ = {
			isa = XCBuildConfiguration;
			buildSettings = {
				ALWAYS_SEARCH_USER_PATHS = NO;
				CLANG_ANALYZER_NONNULL = YES;
				CLANG_ANALYZER_NUMBER_OBJECT_CONVERSION = YES_AGGRESSIVE;
				CLANG_CXX_LANGUAGE_STANDARD = "gnu++14";
				CLANG_CXX_LIBRARY = "libc++";
				CLANG_ENABLE_MODULES = YES;
				CLANG_ENABLE_OBJC_ARC = YES;
				CLANG_ENABLE_OBJC_WEAK = YES;
				CLANG_WARN_BLOCK_CAPTURE_AUTORELEASING = YES;
				CLANG_WARN_BOOL_CONVERSION = YES;
				CLANG_WARN_COMMA = YES;
				CLANG_WARN_CONSTANT_CONVERSION = YES;
				CLANG_WARN_DEPRECATED_OBJC_IMPLEMENTATIONS = YES;
				CLANG_WARN_DIRECT_OBJC_ISA_USAGE = YES_ERROR;
				CLANG_WARN_DOCUMENTATION_COMMENTS = YES;
				CLANG_WARN_EMPTY_BODY = YES;
				CLANG_WARN_ENUM_CONVERSION = YES;
				CLANG_WARN_INFINITE_RECURSION = YES;
				CLANG_WARN_INT_CONVERSION = YES;
				CLANG_WARN_NON_LITERAL_NULL_CONVERSION = YES;
				CLANG_WARN_OBJC_IMPLICIT_RETAIN_SELF = YES;
				CLANG_WARN_OBJC_LITERAL_CONVERSION = YES;
				CLANG_WARN_OBJC_ROOT_CLASS = YES_ERROR;
				CLANG_WARN_QUOTED_INCLUDE_IN_FRAMEWORK_HEADER = YES;
				CLANG_WARN_RANGE_LOOP_ANALYSIS = YES;
				CLANG_WARN_STRICT_PROTOTYPES = YES;
				CLANG_WARN_SUSPICIOUS_MOVE = YES;
				CLANG_WARN_UNGUARDED_AVAILABILITY = YES_AGGRESSIVE;
				CLANG_WARN_UNREACHABLE_CODE = YES;
				CLANG_WARN__DUPLICATE_METHOD_MATCH = YES;
				COPY_PHASE_STRIP = NO;
				DEBUG_INFORMATION_FORMAT = "dwarf-with-dsym";
				ENABLE_NS_ASSERTIONS = NO;
				ENABLE_STRICT_OBJC_MSGSEND = YES;
				GCC_C_LANGUAGE_STANDARD = gnu11;
				GCC_NO_COMMON_BLOCKS = YES;
				GCC_WARN_64_TO_32_BIT_CONVERSION = YES;
				GCC_WARN_ABOUT_RETURN_TYPE = YES_ERROR;
				GCC_WARN_UNDECLARED_SELECTOR = YES;
				GCC_WARN_UNINITIALIZED_AUTOS = YES_AGGRESSIVE;
				GCC_WARN_UNUSED_FUNCTION = YES;
				GCC_WARN_UNUSED_VARIABLE = YES;
				IPHONEOS_DEPLOYMENT_TARGET = 14.5;
				MTL_ENABLE_DEBUG_INFO = NO;
				MTL_FAST_MATH = YES;
				SDKROOT = iphoneos;
				SWIFT_COMPILATION_MODE = wholemodule;
				SWIFT_OPTIMIZATION_LEVEL = "-O";
				VALIDATE_PRODUCT = YES;
			};
			name = Release;
		};
		F49991722728BE78006DA6BE /* Debug */ = {
			isa = XCBuildConfiguration;
			buildSettings = {
				ASSETCATALOG_COMPILER_APPICON_NAME = AppIcon;
				ASSETCATALOG_COMPILER_GLOBAL_ACCENT_COLOR_NAME = AccentColor;
				CODE_SIGN_STYLE = Automatic;
				DEVELOPMENT_ASSET_PATHS = "\"TheMealsApp/Preview Content\"";
				DEVELOPMENT_TEAM = 78SHMFQ884;
				ENABLE_PREVIEWS = YES;
				INFOPLIST_FILE = TheMealsApp/Info.plist;
				LD_RUNPATH_SEARCH_PATHS = (
					"$(inherited)",
					"@executable_path/Frameworks",
				);
				PRODUCT_BUNDLE_IDENTIFIER = com.iman.latihan.TheMealsApp;
				PRODUCT_NAME = "$(TARGET_NAME)";
				SWIFT_VERSION = 5.0;
				TARGETED_DEVICE_FAMILY = "1,2";
			};
			name = Debug;
		};
		F49991732728BE78006DA6BE /* Release */ = {
			isa = XCBuildConfiguration;
			buildSettings = {
				ASSETCATALOG_COMPILER_APPICON_NAME = AppIcon;
				ASSETCATALOG_COMPILER_GLOBAL_ACCENT_COLOR_NAME = AccentColor;
				CODE_SIGN_STYLE = Automatic;
				DEVELOPMENT_ASSET_PATHS = "\"TheMealsApp/Preview Content\"";
				DEVELOPMENT_TEAM = 78SHMFQ884;
				ENABLE_PREVIEWS = YES;
				INFOPLIST_FILE = TheMealsApp/Info.plist;
				LD_RUNPATH_SEARCH_PATHS = (
					"$(inherited)",
					"@executable_path/Frameworks",
				);
				PRODUCT_BUNDLE_IDENTIFIER = com.iman.latihan.TheMealsApp;
				PRODUCT_NAME = "$(TARGET_NAME)";
				SWIFT_VERSION = 5.0;
				TARGETED_DEVICE_FAMILY = "1,2";
			};
			name = Release;
		};
/* End XCBuildConfiguration section */

/* Begin XCConfigurationList section */
		F49991582728BE76006DA6BE /* Build configuration list for PBXProject "TheMealsApp" */ = {
			isa = XCConfigurationList;
			buildConfigurations = (
				F499916F2728BE78006DA6BE /* Debug */,
				F49991702728BE78006DA6BE /* Release */,
			);
			defaultConfigurationIsVisible = 0;
			defaultConfigurationName = Release;
		};
		F49991712728BE78006DA6BE /* Build configuration list for PBXNativeTarget "TheMealsApp" */ = {
			isa = XCConfigurationList;
			buildConfigurations = (
				F49991722728BE78006DA6BE /* Debug */,
				F49991732728BE78006DA6BE /* Release */,
			);
			defaultConfigurationIsVisible = 0;
			defaultConfigurationName = Release;
		};
/* End XCConfigurationList section */
	};
	rootObject = F49991552728BE76006DA6BE /* Project object */;
}
